github.com/Nigel2392/jsext/v2 v2.4.3 h1:mSJgzzkQ40L50PgEoleOulcrrVKzIka/yvELXvebQPo=
github.com/Nigel2392/jsext/v2 v2.4.3/go.mod h1:KdxzZP8EEPhLqejZwrONzETO4xYVDCRdfjDvtw7dGTc=
github.com/Nigel2392/jsext/v2 v2.4.5 h1:Qrj5t3AKSrN47TX2lPeC51jWH55YO3ah3hNCchBhHuc=
github.com/Nigel2392/jsext/v2 v2.4.5/go.mod h1:KdxzZP8EEPhLqejZwrONzETO4xYVDCRdfjDvtw7dGTc=
github.com/Nigel2392/jsext/v2 v2.4.7 h1:lNCwgdrZ/qjn4UUEfsX2rVXD0MFZepUycwWyzfRKIKM=
github.com/Nigel2392/jsext/v2 v2.4.7/go.mod h1:KdxzZP8EEPhLqejZwrONzETO4xYVDCRdfjDvtw7dGTc=
github.com/Nigel2392/jsext/v2 v2.4.8 h1:KVyr70Nby9H9toNqDMV4F/glnmL+S2YfMhBDlokWGgw=
github.com/Nigel2392/jsext/v2 v2.4.8/go.mod h1:KdxzZP8EEPhLqejZwrONzETO4xYVDCRdfjDvtw7dGTc=
github.com/Nigel2392/jsext/v2 v2.4.9 h1:03/AoBS+GF1XyoDPpXLkG3oGrgwXG9FrvFelw80Xtt4=
github.com/Nigel2392/jsext/v2 v2.4.9/go.mod h1:KdxzZP8EEPhLqejZwrONzETO4xYVDCRdfjDvtw7dGTc=
github.com/Nigel2392/jsext/v2 v2.5.0 h1:HdEc+pcC69LuX9y2uBeyM4Ms+lsYyUtfzWHX4VRcrmg=
github.com/Nigel2392/jsext/v2 v2.5.0/go.mod h1:KdxzZP8EEPhLqejZwrONzETO4xYVDCRdfjDvtw7dGTc=
github.com/Nigel2392/jsext/v2 v2.5.1 h1:pZjEmUSjFmZBAJGA9R7IDbvPpSga3QPlFz17cgYQqRo=
github.com/Nigel2392/jsext/v2 v2.5.1/go.mod h1:KdxzZP8EEPhLqejZwrONzETO4xYVDCRdfjDvtw7dGTc=
github.com/Nigel2392/jsext/v2 v2.5.2 h1:DPx+YUKDsMGRQaj9/5yNOFsfQBLOx0CoJ2JkDEaCUNk=
github.com/Nigel2392/jsext/v2 v2.5.2/go.mod h1:KdxzZP8EEPhLqejZwrONzETO4xYVDCRdfjDvtw7dGTc=
github.com/Nigel2392/jsext/v2 v2.5.3 h1:bXc6H4ATf1s55zyDWWUauR9ML7upACor24Bk7UdMQ1M=
github.com/Nigel2392/jsext/v2 v2.5.3/go.mod h1:KdxzZP8EEPhLqejZwrONzETO4xYVDCRdfjDvtw7dGTc=
github.com/Nigel2392/jsext/v2 v2.5.4 h1:ePzG8G6GaYnrmjnyaboHeLtOoSnkyrnbypodAd/i+8w=
github.com/Nigel2392/jsext/v2 v2.5.4/go.mod h1:KdxzZP8EEPhLqejZwrONzETO4xYVDCRdfjDvtw7dGTc=
github.com/Nigel2392/jsext/v2 v2.5.5 h1:5RQMJC6N/IseF4jdPxEWBLv1kRFkT6KjnBsSwp66fl0=
github.com/Nigel2392/jsext/v2 v2.5.5/go.mod h1:KdxzZP8EEPhLqejZwrONzETO4xYVDCRdfjDvtw7dGTc=
github.com/Nigel2392/jsext/v2 v2.5.6 h1:qgbgp/x3/M7RSywS18qMwhXT3PYS+Rp/LlmzC+i1waM=
github.com/Nigel2392/jsext/v2 v2.5.6/go.mod h1:KdxzZP8EEPhLqejZwrONzETO4xYVDCRdfjDvtw7dGTc=
github.com/Nigel2392/jsext/v2 v2.5.7 h1:Ji6SgXAQObcquRO1fwvBfrIEmtlkfckHWEgxxif3Cew=
github.com/Nigel2392/jsext/v2 v2.5.7/go.mod h1:KdxzZP8EEPhLqejZwrONzETO4xYVDCRdfjDvtw7dGTc=
github.com/Nigel2392/jsext/v2 v2.5.8 h1:3uoP/XktX7TXEjrIvxVvbcRkdl8C8r0oA88kO/u1xv8=
github.com/Nigel2392/jsext/v2 v2.5.8/go.mod h1:KdxzZP8EEPhLqejZwrONzETO4xYVDCRdfjDvtw7dGTc=
github.com/Nigel2392/jsext/v2 v2.5.9 h1:2uYL9vUmobD+PeZvM0v1cTOiRzjbLkSpgTpI2ju5m5c=
github.com/Nigel2392/jsext/v2 v2.5.9/go.mod h1:KdxzZP8EEPhLqejZwrONzETO4xYVDCRdfjDvtw7dGTc=
github.com/Nigel2392/jsext/v2 v2.6.0 h1:Mg8Y60R8Dtiu1IfSeiJY+6izjufoCus0RYgAbANV51A=
github.com/Nigel2392/jsext/v2 v2.6.0/go.mod h1:KdxzZP8EEPhLqejZwrONzETO4xYVDCRdfjDvtw7dGTc=
github.com/Nigel2392/jsext/v2 v2.6.1 h1:hZdvz9+4RTHeffy5jy5sB+lCx0Xk60nyQ1soWY1A78U=
github.com/Nigel2392/jsext/v2 v2.6.1/go.mod h1:KdxzZP8EEPhLqejZwrONzETO4xYVDCRdfjDvtw7dGTc=
github.com/Nigel2392/jsext/v2 v2.6.2 h1:YAMGaZ+GaFBLMg1gjP3qaM2ZWd/pNdgyd8G3m8+czKU=
github.com/Nigel2392/jsext/v2 v2.6.2/go.mod h1:KdxzZP8EEPhLqejZwrONzETO4xYVDCRdfjDvtw7dGTc=
github.com/Nigel2392/jsext/v2 v2.6.3 h1:mxwitvKDkGJyNS+AhjUpFLtNeYHSIKThR7W9PFQf2Mw=
github.com/Nigel2392/jsext/v2 v2.6.3/go.mod h1:KdxzZP8EEPhLqejZwrONzETO4xYVDCRdfjDvtw7dGTc=
github.com/Nigel2392/jsext/v2 v2.6.4 h1:gxMUpOzbQU9YEurguRF8aOHQylNn386dkEEIduLvMF0=
github.com/Nigel2392/jsext/v2 v2.6.4/go.mod h1:KdxzZP8EEPhLqejZwrONzETO4xYVDCRdfjDvtw7dGTc=
github.com/Nigel2392/jsext/v2 v2.6.5 h1:5Ql9oQfc/UkyGNdd0DaAQDis5uD91JmNYKbFarqMIys=
github.com/Nigel2392/jsext/v2 v2.6.5/go.mod h1:KdxzZP8EEPhLqejZwrONzETO4xYVDCRdfjDvtw7dGTc=
github.com/Nigel2392/jsext/v2 v2.6.6 h1:NDwcTqvl6tk/0sjS2q27VIfOFQuzaqjB0B/xkhg6bSc=
github.com/Nigel2392/jsext/v2 v2.6.6/go.mod h1:KdxzZP8EEPhLqejZwrONzETO4xYVDCRdfjDvtw7dGTc=
github.com/Nigel2392/jsext/v2 v2.6.7 h1:+yivscQTON8QgjkPthBQh8h5ja8ImFgNZCMWaxjTZUU=
github.com/Nigel2392/jsext/v2 v2.6.7/go.mod h1:KdxzZP8EEPhLqejZwrONzETO4xYVDCRdfjDvtw7dGTc=
github.com/Nigel2392/jsext/v2 v2.6.8 h1:fy3ttGN8eMAFOYuYrMm0pUfoB/FhYShRrcbGNSSVeZ4=
github.com/Nigel2392/jsext/v2 v2.6.8/go.mod h1:KdxzZP8EEPhLqejZwrONzETO4xYVDCRdfjDvtw7dGTc=
github.com/Nigel2392/mux v1.1.4 h1:I4Nd/d1tVbwjgwLkoezgFhtzYW54ME7MtwOaQetb8OQ=
github.com/Nigel2392/mux v1.1.4/go.mod h1:adQ+PBv5zT/CGxnWZPpOEoPths3apGNPGLQrhu3d69A=
