github.com/Nigel2392/jsext/v2 v2.4.3 h1:mSJgzzkQ40L50PgEoleOulcrrVKzIka/yvELXvebQPo=
github.com/Nigel2392/jsext/v2 v2.4.3/go.mod h1:KdxzZP8EEPhLqejZwrONzETO4xYVDCRdfjDvtw7dGTc=
github.com/Nigel2392/mux v1.1.4 h1:I4Nd/d1tVbwjgwLkoezgFhtzYW54ME7MtwOaQetb8OQ=
github.com/Nigel2392/mux v1.1.4/go.mod h1:adQ+PBv5zT/CGxnWZPpOEoPths3apGNPGLQrhu3d69A=
